<?xml version="1.0" encoding="utf-8"?>
<Project ToolsVersion="4.0" xmlns="http://schemas.microsoft.com/developer/msbuild/2003">
  <ItemGroup>
    <Filter Include="Source Files">
      <UniqueIdentifier>{4FC737F1-C7A5-4376-A066-2A32D752A2FF}</UniqueIdentifier>
      <Extensions>cpp;c;cc;cxx;def;odl;idl;hpj;bat;asm;asmx</Extensions>
    </Filter>
    <Filter Include="Header Files">
      <UniqueIdentifier>{93995380-89BD-4b04-88EB-625FBE52EBFB}</UniqueIdentifier>
      <Extensions>h;hh;hpp;hxx;hm;inl;inc;xsd</Extensions>
    </Filter>
    <Filter Include="Resource Files">
      <UniqueIdentifier>{D9D6E242-F8AF-46E4-B9FD-80ECBC20BA3E}</UniqueIdentifier>
      <Extensions>qrc;*</Extensions>
      <ParseFiles>false</ParseFiles>
    </Filter>
    <Filter Include="Resource Files">
      <UniqueIdentifier>{D9D6E242-F8AF-46E4-B9FD-80ECBC20BA3E}</UniqueIdentifier>
      <Extensions>qrc;*</Extensions>
      <ParseFiles>false</ParseFiles>
    </Filter>
    <Filter Include="Generated Files">
      <UniqueIdentifier>{71ED8ED8-ACB9-4CE9-BBE1-E00B30144E11}</UniqueIdentifier>
      <Extensions>moc;h;cpp</Extensions>
      <SourceControlFiles>False</SourceControlFiles>
    </Filter>
    <Filter Include="Header Files\data">
      <UniqueIdentifier>{4b728e10-c8a1-4547-a074-608ce76a7107}</UniqueIdentifier>
    </Filter>
    <Filter Include="Source Files\data">
      <UniqueIdentifier>{4eb2642b-7aa1-43f1-b255-2b2e7df1d4e6}</UniqueIdentifier>
    </Filter>
    <Filter Include="Header Files\common">
      <UniqueIdentifier>{87ac0e09-8e9f-4572-8539-de7c1a485cdf}</UniqueIdentifier>
    </Filter>
    <Filter Include="Source Files\common">
      <UniqueIdentifier>{ef0c6815-77e9-47c5-bf18-150f6dd8c518}</UniqueIdentifier>
    </Filter>
  </ItemGroup>
  <ItemGroup>
    <ClCompile Include="main.cpp">
      <Filter>Source Files</Filter>
    </ClCompile>
    <ClCompile Include="data\databasecontroller.cpp">
      <Filter>Source Files\data</Filter>
    </ClCompile>
    <ClCompile Include="common\message.cpp">
      <Filter>Source Files\common</Filter>
    </ClCompile>
    <ClCompile Include="common\person.cpp">
      <Filter>Source Files\common</Filter>
    </ClCompile>
    <ClCompile Include="common\commands.cpp">
      <Filter>Source Files\common</Filter>
    </ClCompile>
    <ClCompile Include="common\common.cpp">
      <Filter>Source Files\common</Filter>
    </ClCompile>
    <ClCompile Include="controllers\globalcontroller.cpp">
      <Filter>Source Files</Filter>
    </ClCompile>
    <ClCompile Include="network\servercontroller.cpp">
      <Filter>Source Files</Filter>
    </ClCompile>
    <ClCompile Include="stdafx.cpp">
      <Filter>Source Files</Filter>
    </ClCompile>
  </ItemGroup>
  <ItemGroup>
    <ClInclude Include="common\message.h">
      <Filter>Header Files\common</Filter>
    </ClInclude>
    <ClInclude Include="common\person.h">
      <Filter>Header Files\common</Filter>
    </ClInclude>
    <ClInclude Include="common\commands.h">
      <Filter>Header Files\common</Filter>
    </ClInclude>
    <ClInclude Include="common\common.h">
      <Filter>Header Files\common</Filter>
    </ClInclude>
    <ClInclude Include="stdafx.h">
      <Filter>Header Files</Filter>
    </ClInclude>
  </ItemGroup>
  <ItemGroup>
    <QtMoc Include="controllers\globalcontroller.h">
      <Filter>Header Files</Filter>
    </QtMoc>
    <QtMoc Include="network\servercontroller.h">
      <Filter>Header Files</Filter>
    </QtMoc>
    <QtMoc Include="data\databasecontroller.h">
      <Filter>Header Files\data</Filter>
    </QtMoc>
  </ItemGroup>
</Project>